
Microsoft Visual Studio Solution File, Format Version 11.00
# Visual Studio 2010
Project("{FAE04EC0-301F-11D3-BF4B-00C04F79EFBC}") = "SEDPlan", "SEDPlan\SEDPlan.csproj", "{EBEF10B4-1804-4D68-ACCC-131C6B02DB3E}"
EndProject
Project("{2150E333-8FDC-42A3-9474-1A3956D46DE8}") = "cfg", "cfg", "{CF64F6B8-F901-4A0E-B469-828832F7B69B}"
	ProjectSection(SolutionItems) = preProject
		cfg\CFG_SEDPlan.xml = cfg\CFG_SEDPlan.xml
	EndProjectSection
EndProject
Project("{2150E333-8FDC-42A3-9474-1A3956D46DE8}") = "lib", "lib", "{BEFD02C8-D1BC-47D2-B119-5AB3AEEE83DB}"
	ProjectSection(SolutionItems) = preProject
		lib\log4net.dll = lib\log4net.dll
		lib\PALS.Configure.dll = lib\PALS.Configure.dll
		lib\PALS.dll = lib\PALS.dll
	EndProjectSection
EndProject
Project("{F14B399A-7131-4C87-9E4B-1186C45EF12D}") = "SEDReport", "SEDReport\SEDReport.rptproj", "{1EB065B1-6EF9-4FE9-8128-5171914D06F2}"
EndProject
Global
	GlobalSection(SolutionConfigurationPlatforms) = preSolution
		Debug|Any CPU = Debug|Any CPU
		Debug|Mixed Platforms = Debug|Mixed Platforms
		Debug|x86 = Debug|x86
		DebugLocal|Any CPU = DebugLocal|Any CPU
		DebugLocal|Mixed Platforms = DebugLocal|Mixed Platforms
		DebugLocal|x86 = DebugLocal|x86
		Release|Any CPU = Release|Any CPU
		Release|Mixed Platforms = Release|Mixed Platforms
		Release|x86 = Release|x86
	EndGlobalSection
	GlobalSection(ProjectConfigurationPlatforms) = postSolution
		{EBEF10B4-1804-4D68-ACCC-131C6B02DB3E}.Debug|Any CPU.ActiveCfg = Debug|x86
		{EBEF10B4-1804-4D68-ACCC-131C6B02DB3E}.Debug|Mixed Platforms.ActiveCfg = Debug|x86
		{EBEF10B4-1804-4D68-ACCC-131C6B02DB3E}.Debug|Mixed Platforms.Build.0 = Debug|x86
		{EBEF10B4-1804-4D68-ACCC-131C6B02DB3E}.Debug|x86.ActiveCfg = Debug|x86
		{EBEF10B4-1804-4D68-ACCC-131C6B02DB3E}.Debug|x86.Build.0 = Debug|x86
		{EBEF10B4-1804-4D68-ACCC-131C6B02DB3E}.DebugLocal|Any CPU.ActiveCfg = Debug|x86
		{EBEF10B4-1804-4D68-ACCC-131C6B02DB3E}.DebugLocal|Mixed Platforms.ActiveCfg = Debug|x86
		{EBEF10B4-1804-4D68-ACCC-131C6B02DB3E}.DebugLocal|Mixed Platforms.Build.0 = Debug|x86
		{EBEF10B4-1804-4D68-ACCC-131C6B02DB3E}.DebugLocal|x86.ActiveCfg = Debug|x86
		{EBEF10B4-1804-4D68-ACCC-131C6B02DB3E}.DebugLocal|x86.Build.0 = Debug|x86
		{EBEF10B4-1804-4D68-ACCC-131C6B02DB3E}.Release|Any CPU.ActiveCfg = Release|x86
		{EBEF10B4-1804-4D68-ACCC-131C6B02DB3E}.Release|Mixed Platforms.ActiveCfg = Release|x86
		{EBEF10B4-1804-4D68-ACCC-131C6B02DB3E}.Release|Mixed Platforms.Build.0 = Release|x86
		{EBEF10B4-1804-4D68-ACCC-131C6B02DB3E}.Release|x86.ActiveCfg = Release|x86
		{EBEF10B4-1804-4D68-ACCC-131C6B02DB3E}.Release|x86.Build.0 = Release|x86
		{1EB065B1-6EF9-4FE9-8128-5171914D06F2}.Debug|Any CPU.ActiveCfg = DebugLocal
		{1EB065B1-6EF9-4FE9-8128-5171914D06F2}.Debug|Any CPU.Build.0 = DebugLocal
		{1EB065B1-6EF9-4FE9-8128-5171914D06F2}.Debug|Mixed Platforms.ActiveCfg = DebugLocal
		{1EB065B1-6EF9-4FE9-8128-5171914D06F2}.Debug|Mixed Platforms.Build.0 = DebugLocal
		{1EB065B1-6EF9-4FE9-8128-5171914D06F2}.Debug|x86.ActiveCfg = DebugLocal
		{1EB065B1-6EF9-4FE9-8128-5171914D06F2}.Debug|x86.Build.0 = DebugLocal
		{1EB065B1-6EF9-4FE9-8128-5171914D06F2}.DebugLocal|Any CPU.ActiveCfg = DebugLocal
		{1EB065B1-6EF9-4FE9-8128-5171914D06F2}.DebugLocal|Any CPU.Build.0 = DebugLocal
		{1EB065B1-6EF9-4FE9-8128-5171914D06F2}.DebugLocal|Mixed Platforms.ActiveCfg = DebugLocal
		{1EB065B1-6EF9-4FE9-8128-5171914D06F2}.DebugLocal|Mixed Platforms.Build.0 = DebugLocal
		{1EB065B1-6EF9-4FE9-8128-5171914D06F2}.DebugLocal|x86.ActiveCfg = DebugLocal
		{1EB065B1-6EF9-4FE9-8128-5171914D06F2}.DebugLocal|x86.Build.0 = DebugLocal
		{1EB065B1-6EF9-4FE9-8128-5171914D06F2}.Release|Any CPU.ActiveCfg = Release
		{1EB065B1-6EF9-4FE9-8128-5171914D06F2}.Release|Any CPU.Build.0 = Release
		{1EB065B1-6EF9-4FE9-8128-5171914D06F2}.Release|Any CPU.Deploy.0 = Release
		{1EB065B1-6EF9-4FE9-8128-5171914D06F2}.Release|Mixed Platforms.ActiveCfg = Release
		{1EB065B1-6EF9-4FE9-8128-5171914D06F2}.Release|Mixed Platforms.Build.0 = Release
		{1EB065B1-6EF9-4FE9-8128-5171914D06F2}.Release|Mixed Platforms.Deploy.0 = Release
		{1EB065B1-6EF9-4FE9-8128-5171914D06F2}.Release|x86.ActiveCfg = Release
		{1EB065B1-6EF9-4FE9-8128-5171914D06F2}.Release|x86.Build.0 = Release
		{1EB065B1-6EF9-4FE9-8128-5171914D06F2}.Release|x86.Deploy.0 = Release
	EndGlobalSection
	GlobalSection(SolutionProperties) = preSolution
		HideSolutionNode = FALSE
	EndGlobalSection
EndGlobal
